
Microsoft Visual Studio Solution File, Format Version 12.00
# Visual Studio Version 17
VisualStudioVersion = 17.0.31903.59
MinimumVisualStudioVersion = 10.0.40219.1
Project("{FAE04EC0-301F-11D3-BF4B-00C04F79EFBC}") = "GeekShopping.Web", "GeekShopping.Web\GeekShopping.Web.csproj", "{6F616827-3A30-4031-A6DC-06693C63E1AD}"
EndProject
Project("{2150E333-8FDC-42A3-9474-1A3956D46DE8}") = "Frontend", "Frontend", "{DCDCDF50-C6DF-4C0D-9C04-D12318F0C311}"
EndProject
Project("{2150E333-8FDC-42A3-9474-1A3956D46DE8}") = "Services", "Services", "{0F6974CC-0FA3-4F27-AFA2-4F846A4B81DA}"
EndProject
Project("{FAE04EC0-301F-11D3-BF4B-00C04F79EFBC}") = "GeekShopping.ProductAPI", "GeekShopping.ProductAPI\GeekShopping.ProductAPI.csproj", "{A123CC4E-4018-43A9-99B2-2D2025E7B54C}"
EndProject
Project("{FAE04EC0-301F-11D3-BF4B-00C04F79EFBC}") = "GeekShopping.IdentityServer", "GeekShopping.IdentityServer\GeekShopping.IdentityServer.csproj", "{03A60A7A-7631-4751-B8BE-4E2825CECBB3}"
EndProject
Project("{FAE04EC0-301F-11D3-BF4B-00C04F79EFBC}") = "GeekShopping.CartAPI", "GeekShopping.CartAPI\GeekShopping.CartAPI.csproj", "{DD174F91-87A0-4D4E-98C0-9558DE975592}"
EndProject
Project("{FAE04EC0-301F-11D3-BF4B-00C04F79EFBC}") = "GeekShopping.CouponAPI", "GeekShopping.CouponAPI\GeekShopping.CouponAPI.csproj", "{5EE11F69-A55C-4DE0-8968-E30C504C95C9}"
EndProject
Project("{2150E333-8FDC-42A3-9474-1A3956D46DE8}") = "Integration", "Integration", "{486E2D1A-6122-4FF5-B5B5-41DA6CEAEC92}"
EndProject
Project("{FAE04EC0-301F-11D3-BF4B-00C04F79EFBC}") = "GeekShopping.MessageBus", "GeekShopping.MessageBus\GeekShopping.MessageBus.csproj", "{0E278E3C-01F9-4285-AD92-035A142A0634}"
EndProject
Project("{FAE04EC0-301F-11D3-BF4B-00C04F79EFBC}") = "GeekShopping.OrderAPI", "GeekShopping.OrderAPI\GeekShopping.OrderAPI.csproj", "{67EC9BD5-1998-4161-8CCB-B0305C8E70B7}"
EndProject
Project("{2150E333-8FDC-42A3-9474-1A3956D46DE8}") = "Payments", "Payments", "{5639C44E-C71E-41C5-8C16-2B46ACB5040D}"
EndProject
Project("{FAE04EC0-301F-11D3-BF4B-00C04F79EFBC}") = "GeekShopping.PaymentProcessor", "GeekShopping.PaymentProcessor\GeekShopping.PaymentProcessor.csproj", "{C0464927-B437-4205-BA4D-E8BCD5B9408B}"
EndProject
Project("{FAE04EC0-301F-11D3-BF4B-00C04F79EFBC}") = "GeekShopping.PaymentAPI", "GeekShopping.PaymentAPI\GeekShopping.PaymentAPI.csproj", "{A0E4637F-8727-4DF5-9C52-DA503222B325}"
EndProject
Project("{FAE04EC0-301F-11D3-BF4B-00C04F79EFBC}") = "GeekShopping.Email", "GeekShopping.Email\GeekShopping.Email.csproj", "{3A8DAC07-8B21-4D22-8B2F-2DE302BE9B22}"
EndProject
Project("{FAE04EC0-301F-11D3-BF4B-00C04F79EFBC}") = "GeekShopping.APIGateway", "GeekShopping.APIGateway\GeekShopping.APIGateway.csproj", "{29BEFCFD-657F-42C2-A8A7-21A5B4912AD1}"
EndProject
Project("{FAE04EC0-301F-11D3-BF4B-00C04F79EFBC}") = "GeekShopping.IoC.DependencyInjection", "GeekShopping.IoC.DependencyInjection\GeekShopping.IoC.DependencyInjection.csproj", "{1214DE2E-539F-48A0-8A71-8B936F8A6984}"
EndProject
Project("{2150E333-8FDC-42A3-9474-1A3956D46DE8}") = "IoC", "IoC", "{3109010D-CD9B-4727-BAEF-6125B86C7202}"
EndProject
Project("{FAE04EC0-301F-11D3-BF4B-00C04F79EFBC}") = "GeekShopping.IoC.Utilities", "GeekShopping.IoC.Utilities\GeekShopping.IoC.Utilities.csproj", "{BFAAAC84-9E1F-46E5-B125-B7049A9F49AA}"
EndProject
Global
	GlobalSection(SolutionConfigurationPlatforms) = preSolution
		Debug|Any CPU = Debug|Any CPU
		Release|Any CPU = Release|Any CPU
	EndGlobalSection
	GlobalSection(SolutionProperties) = preSolution
		HideSolutionNode = FALSE
	EndGlobalSection
	GlobalSection(ProjectConfigurationPlatforms) = postSolution
		{6F616827-3A30-4031-A6DC-06693C63E1AD}.Debug|Any CPU.ActiveCfg = Debug|Any CPU
		{6F616827-3A30-4031-A6DC-06693C63E1AD}.Debug|Any CPU.Build.0 = Debug|Any CPU
		{6F616827-3A30-4031-A6DC-06693C63E1AD}.Release|Any CPU.ActiveCfg = Release|Any CPU
		{6F616827-3A30-4031-A6DC-06693C63E1AD}.Release|Any CPU.Build.0 = Release|Any CPU
		{A123CC4E-4018-43A9-99B2-2D2025E7B54C}.Debug|Any CPU.ActiveCfg = Debug|Any CPU
		{A123CC4E-4018-43A9-99B2-2D2025E7B54C}.Debug|Any CPU.Build.0 = Debug|Any CPU
		{A123CC4E-4018-43A9-99B2-2D2025E7B54C}.Release|Any CPU.ActiveCfg = Release|Any CPU
		{A123CC4E-4018-43A9-99B2-2D2025E7B54C}.Release|Any CPU.Build.0 = Release|Any CPU
		{03A60A7A-7631-4751-B8BE-4E2825CECBB3}.Debug|Any CPU.ActiveCfg = Debug|Any CPU
		{03A60A7A-7631-4751-B8BE-4E2825CECBB3}.Debug|Any CPU.Build.0 = Debug|Any CPU
		{03A60A7A-7631-4751-B8BE-4E2825CECBB3}.Release|Any CPU.ActiveCfg = Release|Any CPU
		{03A60A7A-7631-4751-B8BE-4E2825CECBB3}.Release|Any CPU.Build.0 = Release|Any CPU
		{DD174F91-87A0-4D4E-98C0-9558DE975592}.Debug|Any CPU.ActiveCfg = Debug|Any CPU
		{DD174F91-87A0-4D4E-98C0-9558DE975592}.Debug|Any CPU.Build.0 = Debug|Any CPU
		{DD174F91-87A0-4D4E-98C0-9558DE975592}.Release|Any CPU.ActiveCfg = Release|Any CPU
		{DD174F91-87A0-4D4E-98C0-9558DE975592}.Release|Any CPU.Build.0 = Release|Any CPU
		{5EE11F69-A55C-4DE0-8968-E30C504C95C9}.Debug|Any CPU.ActiveCfg = Debug|Any CPU
		{5EE11F69-A55C-4DE0-8968-E30C504C95C9}.Debug|Any CPU.Build.0 = Debug|Any CPU
		{5EE11F69-A55C-4DE0-8968-E30C504C95C9}.Release|Any CPU.ActiveCfg = Release|Any CPU
		{5EE11F69-A55C-4DE0-8968-E30C504C95C9}.Release|Any CPU.Build.0 = Release|Any CPU
		{0E278E3C-01F9-4285-AD92-035A142A0634}.Debug|Any CPU.ActiveCfg = Debug|Any CPU
		{0E278E3C-01F9-4285-AD92-035A142A0634}.Debug|Any CPU.Build.0 = Debug|Any CPU
		{0E278E3C-01F9-4285-AD92-035A142A0634}.Release|Any CPU.ActiveCfg = Release|Any CPU
		{0E278E3C-01F9-4285-AD92-035A142A0634}.Release|Any CPU.Build.0 = Release|Any CPU
		{67EC9BD5-1998-4161-8CCB-B0305C8E70B7}.Debug|Any CPU.ActiveCfg = Debug|Any CPU
		{67EC9BD5-1998-4161-8CCB-B0305C8E70B7}.Debug|Any CPU.Build.0 = Debug|Any CPU
		{67EC9BD5-1998-4161-8CCB-B0305C8E70B7}.Release|Any CPU.ActiveCfg = Release|Any CPU
		{67EC9BD5-1998-4161-8CCB-B0305C8E70B7}.Release|Any CPU.Build.0 = Release|Any CPU
		{C0464927-B437-4205-BA4D-E8BCD5B9408B}.Debug|Any CPU.ActiveCfg = Debug|Any CPU
		{C0464927-B437-4205-BA4D-E8BCD5B9408B}.Debug|Any CPU.Build.0 = Debug|Any CPU
		{C0464927-B437-4205-BA4D-E8BCD5B9408B}.Release|Any CPU.ActiveCfg = Release|Any CPU
		{C0464927-B437-4205-BA4D-E8BCD5B9408B}.Release|Any CPU.Build.0 = Release|Any CPU
		{A0E4637F-8727-4DF5-9C52-DA503222B325}.Debug|Any CPU.ActiveCfg = Debug|Any CPU
		{A0E4637F-8727-4DF5-9C52-DA503222B325}.Debug|Any CPU.Build.0 = Debug|Any CPU
		{A0E4637F-8727-4DF5-9C52-DA503222B325}.Release|Any CPU.ActiveCfg = Release|Any CPU
		{A0E4637F-8727-4DF5-9C52-DA503222B325}.Release|Any CPU.Build.0 = Release|Any CPU
		{3A8DAC07-8B21-4D22-8B2F-2DE302BE9B22}.Debug|Any CPU.ActiveCfg = Debug|Any CPU
		{3A8DAC07-8B21-4D22-8B2F-2DE302BE9B22}.Debug|Any CPU.Build.0 = Debug|Any CPU
		{3A8DAC07-8B21-4D22-8B2F-2DE302BE9B22}.Release|Any CPU.ActiveCfg = Release|Any CPU
		{3A8DAC07-8B21-4D22-8B2F-2DE302BE9B22}.Release|Any CPU.Build.0 = Release|Any CPU
		{29BEFCFD-657F-42C2-A8A7-21A5B4912AD1}.Debug|Any CPU.ActiveCfg = Debug|Any CPU
		{29BEFCFD-657F-42C2-A8A7-21A5B4912AD1}.Debug|Any CPU.Build.0 = Debug|Any CPU
		{29BEFCFD-657F-42C2-A8A7-21A5B4912AD1}.Release|Any CPU.ActiveCfg = Release|Any CPU
		{29BEFCFD-657F-42C2-A8A7-21A5B4912AD1}.Release|Any CPU.Build.0 = Release|Any CPU
		{1214DE2E-539F-48A0-8A71-8B936F8A6984}.Debug|Any CPU.ActiveCfg = Debug|Any CPU
		{1214DE2E-539F-48A0-8A71-8B936F8A6984}.Debug|Any CPU.Build.0 = Debug|Any CPU
		{1214DE2E-539F-48A0-8A71-8B936F8A6984}.Release|Any CPU.ActiveCfg = Release|Any CPU
		{1214DE2E-539F-48A0-8A71-8B936F8A6984}.Release|Any CPU.Build.0 = Release|Any CPU
		{BFAAAC84-9E1F-46E5-B125-B7049A9F49AA}.Debug|Any CPU.ActiveCfg = Debug|Any CPU
		{BFAAAC84-9E1F-46E5-B125-B7049A9F49AA}.Debug|Any CPU.Build.0 = Debug|Any CPU
		{BFAAAC84-9E1F-46E5-B125-B7049A9F49AA}.Release|Any CPU.ActiveCfg = Release|Any CPU
		{BFAAAC84-9E1F-46E5-B125-B7049A9F49AA}.Release|Any CPU.Build.0 = Release|Any CPU
	EndGlobalSection
	GlobalSection(NestedProjects) = preSolution
		{BFAAAC84-9E1F-46E5-B125-B7049A9F49AA} = {3109010D-CD9B-4727-BAEF-6125B86C7202}
		{1214DE2E-539F-48A0-8A71-8B936F8A6984} = {3109010D-CD9B-4727-BAEF-6125B86C7202}
		{29BEFCFD-657F-42C2-A8A7-21A5B4912AD1} = {0F6974CC-0FA3-4F27-AFA2-4F846A4B81DA}
		{3A8DAC07-8B21-4D22-8B2F-2DE302BE9B22} = {0F6974CC-0FA3-4F27-AFA2-4F846A4B81DA}
		{A0E4637F-8727-4DF5-9C52-DA503222B325} = {0F6974CC-0FA3-4F27-AFA2-4F846A4B81DA}
		{C0464927-B437-4205-BA4D-E8BCD5B9408B} = {5639C44E-C71E-41C5-8C16-2B46ACB5040D}
		{67EC9BD5-1998-4161-8CCB-B0305C8E70B7} = {0F6974CC-0FA3-4F27-AFA2-4F846A4B81DA}
		{0E278E3C-01F9-4285-AD92-035A142A0634} = {486E2D1A-6122-4FF5-B5B5-41DA6CEAEC92}
		{5EE11F69-A55C-4DE0-8968-E30C504C95C9} = {0F6974CC-0FA3-4F27-AFA2-4F846A4B81DA}
		{DD174F91-87A0-4D4E-98C0-9558DE975592} = {0F6974CC-0FA3-4F27-AFA2-4F846A4B81DA}
		{03A60A7A-7631-4751-B8BE-4E2825CECBB3} = {0F6974CC-0FA3-4F27-AFA2-4F846A4B81DA}
		{A123CC4E-4018-43A9-99B2-2D2025E7B54C} = {0F6974CC-0FA3-4F27-AFA2-4F846A4B81DA}
		{6F616827-3A30-4031-A6DC-06693C63E1AD} = {DCDCDF50-C6DF-4C0D-9C04-D12318F0C311}
	EndGlobalSection
EndGlobal
